// !$*UTF8*$!
{
	archiveVersion = 1;
	classes = {
	};
	objectVersion = 56;
	objects = {

/* Begin PBXBuildFile section */
		531D971F2BC0520400947E4D /* SwiftUIDemoTests.swift in Sources */ = {isa = PBXBuildFile; fileRef = 531D971E2BC0520400947E4D /* SwiftUIDemoTests.swift */; };
		532D1C4F2B8E2E720012E5CA /* SuffixWrapper.swift in Sources */ = {isa = PBXBuildFile; fileRef = 532D1C4E2B8E2E720012E5CA /* SuffixWrapper.swift */; };
		532D1C512B8EF6B70012E5CA /* Extension.swift in Sources */ = {isa = PBXBuildFile; fileRef = 532D1C502B8EF6B70012E5CA /* Extension.swift */; };
		532D1C532B8F26AB0012E5CA /* ShapeStyleView.swift in Sources */ = {isa = PBXBuildFile; fileRef = 532D1C522B8F26AB0012E5CA /* ShapeStyleView.swift */; };
		535CF0882B89994600D24877 /* Food.swift in Sources */ = {isa = PBXBuildFile; fileRef = 535CF0872B89994600D24877 /* Food.swift */; };
		535CF08C2B89E06400D24877 /* PreviewDevice+.swift in Sources */ = {isa = PBXBuildFile; fileRef = 535CF08B2B89E06400D24877 /* PreviewDevice+.swift */; };
		535FF2432B932F0200D7861B /* ZIndexView.swift in Sources */ = {isa = PBXBuildFile; fileRef = 535FF2422B932F0200D7861B /* ZIndexView.swift */; };
		5361751D2BB809E1009D1737 /* SettingsScreen.swift in Sources */ = {isa = PBXBuildFile; fileRef = 5361751C2BB809E1009D1737 /* SettingsScreen.swift */; };
		5361751F2BB96CF6009D1737 /* Unit.swift in Sources */ = {isa = PBXBuildFile; fileRef = 5361751E2BB96CF6009D1737 /* Unit.swift */; };
		536175212BB96D59009D1737 /* UserDefaultsKey.swift in Sources */ = {isa = PBXBuildFile; fileRef = 536175202BB96D59009D1737 /* UserDefaultsKey.swift */; };
		536175232BB96DFC009D1737 /* AppStorage+.swift in Sources */ = {isa = PBXBuildFile; fileRef = 536175222BB96DFC009D1737 /* AppStorage+.swift */; };
		5361752B2BBFBBF3009D1737 /* Array+.swift in Sources */ = {isa = PBXBuildFile; fileRef = 5361752A2BBFBBF3009D1737 /* Array+.swift */; };
		5368653B2B81ACED00D181AC /* AppEntry.swift in Sources */ = {isa = PBXBuildFile; fileRef = 5368653A2B81ACED00D181AC /* AppEntry.swift */; };
		5368653F2B81ACEF00D181AC /* Assets.xcassets in Resources */ = {isa = PBXBuildFile; fileRef = 5368653E2B81ACEF00D181AC /* Assets.xcassets */; };
		536865422B81ACEF00D181AC /* Preview Assets.xcassets in Resources */ = {isa = PBXBuildFile; fileRef = 536865412B81ACEF00D181AC /* Preview Assets.xcassets */; };
		536865442B81ACEF00D181AC /* Persistence.swift in Sources */ = {isa = PBXBuildFile; fileRef = 536865432B81ACEF00D181AC /* Persistence.swift */; };
		536865472B81ACEF00D181AC /* SwiftUIDemo.xcdatamodeld in Sources */ = {isa = PBXBuildFile; fileRef = 536865452B81ACEF00D181AC /* SwiftUIDemo.xcdatamodeld */; };
		537115BA2BA5B99C001851FB /* FoodForm.swift in Sources */ = {isa = PBXBuildFile; fileRef = 537115B92BA5B99C001851FB /* FoodForm.swift */; };
		537DFBD42BA52D2800FB3DD1 /* GeometryReaderDemo.swift in Sources */ = {isa = PBXBuildFile; fileRef = 537DFBD32BA52D2800FB3DD1 /* GeometryReaderDemo.swift */; };
		53A085FE2BB40E2D0005218E /* HomeScreen.swift in Sources */ = {isa = PBXBuildFile; fileRef = 53A085FD2BB40E2D0005218E /* HomeScreen.swift */; };
		53DCB8722BB00D4200F6D34C /* FoodPickerScreen.swift in Sources */ = {isa = PBXBuildFile; fileRef = 53DCB86E2BB00D4200F6D34C /* FoodPickerScreen.swift */; };
		53DCB8732BB00D4200F6D34C /* FoodListScreen.swift in Sources */ = {isa = PBXBuildFile; fileRef = 53DCB8702BB00D4200F6D34C /* FoodListScreen.swift */; };
		53DCB8772BB0108C00F6D34C /* FoodDetailSheet.swift in Sources */ = {isa = PBXBuildFile; fileRef = 53DCB8762BB0108C00F6D34C /* FoodDetailSheet.swift */; };
		53DCB87B2BB0280600F6D34C /* SFSymbol.swift in Sources */ = {isa = PBXBuildFile; fileRef = 53DCB87A2BB0280600F6D34C /* SFSymbol.swift */; };
		53DCB87D2BB262A600F6D34C /* Sheet.swift in Sources */ = {isa = PBXBuildFile; fileRef = 53DCB87C2BB262A600F6D34C /* Sheet.swift */; };
		53DCB87F2BB26B5700F6D34C /* View+.swift in Sources */ = {isa = PBXBuildFile; fileRef = 53DCB87E2BB26B5700F6D34C /* View+.swift */; };
/* End PBXBuildFile section */

/* Begin PBXContainerItemProxy section */
		531D97202BC0520400947E4D /* PBXContainerItemProxy */ = {
			isa = PBXContainerItemProxy;
			containerPortal = 5368652F2B81ACED00D181AC /* Project object */;
			proxyType = 1;
			remoteGlobalIDString = 536865362B81ACED00D181AC;
			remoteInfo = SwiftUIDemo;
		};
/* End PBXContainerItemProxy section */

/* Begin PBXFileReference section */
		531D971C2BC0520300947E4D /* SwiftUIDemoTests.xctest */ = {isa = PBXFileReference; explicitFileType = wrapper.cfbundle; includeInIndex = 0; path = SwiftUIDemoTests.xctest; sourceTree = BUILT_PRODUCTS_DIR; };
		531D971E2BC0520400947E4D /* SwiftUIDemoTests.swift */ = {isa = PBXFileReference; lastKnownFileType = sourcecode.swift; path = SwiftUIDemoTests.swift; sourceTree = "<group>"; };
		532D1C4E2B8E2E720012E5CA /* SuffixWrapper.swift */ = {isa = PBXFileReference; lastKnownFileType = sourcecode.swift; path = SuffixWrapper.swift; sourceTree = "<group>"; };
		532D1C502B8EF6B70012E5CA /* Extension.swift */ = {isa = PBXFileReference; lastKnownFileType = sourcecode.swift; path = Extension.swift; sourceTree = "<group>"; };
		532D1C522B8F26AB0012E5CA /* ShapeStyleView.swift */ = {isa = PBXFileReference; lastKnownFileType = sourcecode.swift; path = ShapeStyleView.swift; sourceTree = "<group>"; };
		535CF0872B89994600D24877 /* Food.swift */ = {isa = PBXFileReference; lastKnownFileType = sourcecode.swift; path = Food.swift; sourceTree = "<group>"; };
		535CF08B2B89E06400D24877 /* PreviewDevice+.swift */ = {isa = PBXFileReference; lastKnownFileType = sourcecode.swift; path = "PreviewDevice+.swift"; sourceTree = "<group>"; };
		535FF2422B932F0200D7861B /* ZIndexView.swift */ = {isa = PBXFileReference; lastKnownFileType = sourcecode.swift; path = ZIndexView.swift; sourceTree = "<group>"; };
		5361751C2BB809E1009D1737 /* SettingsScreen.swift */ = {isa = PBXFileReference; lastKnownFileType = sourcecode.swift; path = SettingsScreen.swift; sourceTree = "<group>"; };
		5361751E2BB96CF6009D1737 /* Unit.swift */ = {isa = PBXFileReference; lastKnownFileType = sourcecode.swift; path = Unit.swift; sourceTree = "<group>"; };
		536175202BB96D59009D1737 /* UserDefaultsKey.swift */ = {isa = PBXFileReference; lastKnownFileType = sourcecode.swift; path = UserDefaultsKey.swift; sourceTree = "<group>"; };
		536175222BB96DFC009D1737 /* AppStorage+.swift */ = {isa = PBXFileReference; lastKnownFileType = sourcecode.swift; path = "AppStorage+.swift"; sourceTree = "<group>"; };
		5361752A2BBFBBF3009D1737 /* Array+.swift */ = {isa = PBXFileReference; lastKnownFileType = sourcecode.swift; path = "Array+.swift"; sourceTree = "<group>"; };
		536865372B81ACED00D181AC /* SwiftUIDemo.app */ = {isa = PBXFileReference; explicitFileType = wrapper.application; includeInIndex = 0; path = SwiftUIDemo.app; sourceTree = BUILT_PRODUCTS_DIR; };
		5368653A2B81ACED00D181AC /* AppEntry.swift */ = {isa = PBXFileReference; lastKnownFileType = sourcecode.swift; path = AppEntry.swift; sourceTree = "<group>"; };
		5368653E2B81ACEF00D181AC /* Assets.xcassets */ = {isa = PBXFileReference; lastKnownFileType = folder.assetcatalog; path = Assets.xcassets; sourceTree = "<group>"; };
		536865412B81ACEF00D181AC /* Preview Assets.xcassets */ = {isa = PBXFileReference; lastKnownFileType = folder.assetcatalog; path = "Preview Assets.xcassets"; sourceTree = "<group>"; };
		536865432B81ACEF00D181AC /* Persistence.swift */ = {isa = PBXFileReference; lastKnownFileType = sourcecode.swift; path = Persistence.swift; sourceTree = "<group>"; };
		536865462B81ACEF00D181AC /* SwiftUIDemo.xcdatamodel */ = {isa = PBXFileReference; lastKnownFileType = wrapper.xcdatamodel; path = SwiftUIDemo.xcdatamodel; sourceTree = "<group>"; };
		537115B92BA5B99C001851FB /* FoodForm.swift */ = {isa = PBXFileReference; lastKnownFileType = sourcecode.swift; path = FoodForm.swift; sourceTree = "<group>"; };
		537DFBD32BA52D2800FB3DD1 /* GeometryReaderDemo.swift */ = {isa = PBXFileReference; lastKnownFileType = sourcecode.swift; path = GeometryReaderDemo.swift; sourceTree = "<group>"; };
		53A085FD2BB40E2D0005218E /* HomeScreen.swift */ = {isa = PBXFileReference; lastKnownFileType = sourcecode.swift; path = HomeScreen.swift; sourceTree = "<group>"; };
		53DCB86E2BB00D4200F6D34C /* FoodPickerScreen.swift */ = {isa = PBXFileReference; fileEncoding = 4; lastKnownFileType = sourcecode.swift; path = FoodPickerScreen.swift; sourceTree = "<group>"; };
		53DCB8702BB00D4200F6D34C /* FoodListScreen.swift */ = {isa = PBXFileReference; fileEncoding = 4; lastKnownFileType = sourcecode.swift; path = FoodListScreen.swift; sourceTree = "<group>"; };
		53DCB8762BB0108C00F6D34C /* FoodDetailSheet.swift */ = {isa = PBXFileReference; lastKnownFileType = sourcecode.swift; path = FoodDetailSheet.swift; sourceTree = "<group>"; };
		53DCB87A2BB0280600F6D34C /* SFSymbol.swift */ = {isa = PBXFileReference; lastKnownFileType = sourcecode.swift; path = SFSymbol.swift; sourceTree = "<group>"; };
		53DCB87C2BB262A600F6D34C /* Sheet.swift */ = {isa = PBXFileReference; lastKnownFileType = sourcecode.swift; path = Sheet.swift; sourceTree = "<group>"; };
		53DCB87E2BB26B5700F6D34C /* View+.swift */ = {isa = PBXFileReference; lastKnownFileType = sourcecode.swift; path = "View+.swift"; sourceTree = "<group>"; };
/* End PBXFileReference section */

/* Begin PBXFrameworksBuildPhase section */
		531D97192BC0520300947E4D /* Frameworks */ = {
			isa = PBXFrameworksBuildPhase;
			buildActionMask = 2147483647;
			files = (
			);
			runOnlyForDeploymentPostprocessing = 0;
		};
		536865342B81ACED00D181AC /* Frameworks */ = {
			isa = PBXFrameworksBuildPhase;
			buildActionMask = 2147483647;
			files = (
			);
			runOnlyForDeploymentPostprocessing = 0;
		};
/* End PBXFrameworksBuildPhase section */

/* Begin PBXGroup section */
		531D971D2BC0520400947E4D /* SwiftUIDemoTests */ = {
			isa = PBXGroup;
			children = (
				531D971E2BC0520400947E4D /* SwiftUIDemoTests.swift */,
			);
			path = SwiftUIDemoTests;
			sourceTree = "<group>";
		};
		5361751B2BB809CE009D1737 /* Settings */ = {
			isa = PBXGroup;
			children = (
				5361751C2BB809E1009D1737 /* SettingsScreen.swift */,
			);
			path = Settings;
			sourceTree = "<group>";
		};
		5368652E2B81ACED00D181AC = {
			isa = PBXGroup;
			children = (
				532D1C522B8F26AB0012E5CA /* ShapeStyleView.swift */,
				535FF2422B932F0200D7861B /* ZIndexView.swift */,
				537DFBD32BA52D2800FB3DD1 /* GeometryReaderDemo.swift */,
				536865392B81ACED00D181AC /* SwiftUIDemo */,
				531D971D2BC0520400947E4D /* SwiftUIDemoTests */,
				536865382B81ACED00D181AC /* Products */,
			);
			sourceTree = "<group>";
		};
		536865382B81ACED00D181AC /* Products */ = {
			isa = PBXGroup;
			children = (
				536865372B81ACED00D181AC /* SwiftUIDemo.app */,
				531D971C2BC0520300947E4D /* SwiftUIDemoTests.xctest */,
			);
			name = Products;
			sourceTree = "<group>";
		};
		536865392B81ACED00D181AC /* SwiftUIDemo */ = {
			isa = PBXGroup;
			children = (
				53DCB8792BB027E700F6D34C /* Constant */,
				5368653A2B81ACED00D181AC /* AppEntry.swift */,
				53DCB86A2BB0087E00F6D34C /* Screen */,
				53DCB86B2BB0091000F6D34C /* Model */,
				53DCB86C2BB00BC000F6D34C /* Extension */,
				53DCB8742BB00E2300F6D34C /* Resource */,
				53DCB8752BB00E2300F6D34C /* Utils */,
				536865402B81ACEF00D181AC /* Preview Content */,
			);
			path = SwiftUIDemo;
			sourceTree = "<group>";
		};
		536865402B81ACEF00D181AC /* Preview Content */ = {
			isa = PBXGroup;
			children = (
				536865412B81ACEF00D181AC /* Preview Assets.xcassets */,
			);
			path = "Preview Content";
			sourceTree = "<group>";
		};
		53DCB86A2BB0087E00F6D34C /* Screen */ = {
			isa = PBXGroup;
			children = (
				53DCB86F2BB00D4200F6D34C /* FoodList */,
				53DCB86D2BB00D4200F6D34C /* FoodPicker */,
				53A085FD2BB40E2D0005218E /* HomeScreen.swift */,
				5361751B2BB809CE009D1737 /* Settings */,
			);
			path = Screen;
			sourceTree = "<group>";
		};
		53DCB86B2BB0091000F6D34C /* Model */ = {
			isa = PBXGroup;
			children = (
				535CF0872B89994600D24877 /* Food.swift */,
			);
			path = Model;
			sourceTree = "<group>";
		};
		53DCB86C2BB00BC000F6D34C /* Extension */ = {
			isa = PBXGroup;
			children = (
				535CF08B2B89E06400D24877 /* PreviewDevice+.swift */,
				5361752A2BBFBBF3009D1737 /* Array+.swift */,
				53DCB87E2BB26B5700F6D34C /* View+.swift */,
				532D1C502B8EF6B70012E5CA /* Extension.swift */,
				536175222BB96DFC009D1737 /* AppStorage+.swift */,
			);
			path = Extension;
			sourceTree = "<group>";
		};
		53DCB86D2BB00D4200F6D34C /* FoodPicker */ = {
			isa = PBXGroup;
			children = (
				53DCB86E2BB00D4200F6D34C /* FoodPickerScreen.swift */,
			);
			path = FoodPicker;
			sourceTree = "<group>";
		};
		53DCB86F2BB00D4200F6D34C /* FoodList */ = {
			isa = PBXGroup;
			children = (
				53DCB8702BB00D4200F6D34C /* FoodListScreen.swift */,
				53DCB8712BB00D4200F6D34C /* View */,
			);
			path = FoodList;
			sourceTree = "<group>";
		};
		53DCB8712BB00D4200F6D34C /* View */ = {
			isa = PBXGroup;
			children = (
				537115B92BA5B99C001851FB /* FoodForm.swift */,
				53DCB8762BB0108C00F6D34C /* FoodDetailSheet.swift */,
				53DCB87C2BB262A600F6D34C /* Sheet.swift */,
			);
			path = View;
			sourceTree = "<group>";
		};
		53DCB8742BB00E2300F6D34C /* Resource */ = {
			isa = PBXGroup;
			children = (
				536865432B81ACEF00D181AC /* Persistence.swift */,
				5368653E2B81ACEF00D181AC /* Assets.xcassets */,
				536865452B81ACEF00D181AC /* SwiftUIDemo.xcdatamodeld */,
			);
			path = Resource;
			sourceTree = "<group>";
		};
		53DCB8752BB00E2300F6D34C /* Utils */ = {
			isa = PBXGroup;
			children = (
				532D1C4E2B8E2E720012E5CA /* SuffixWrapper.swift */,
			);
			path = Utils;
			sourceTree = "<group>";
		};
		53DCB8792BB027E700F6D34C /* Constant */ = {
			isa = PBXGroup;
			children = (
				53DCB87A2BB0280600F6D34C /* SFSymbol.swift */,
				5361751E2BB96CF6009D1737 /* Unit.swift */,
				536175202BB96D59009D1737 /* UserDefaultsKey.swift */,
			);
			path = Constant;
			sourceTree = "<group>";
		};
/* End PBXGroup section */

/* Begin PBXNativeTarget section */
		531D971B2BC0520300947E4D /* SwiftUIDemoTests */ = {
			isa = PBXNativeTarget;
			buildConfigurationList = 531D97242BC0520400947E4D /* Build configuration list for PBXNativeTarget "SwiftUIDemoTests" */;
			buildPhases = (
				531D97182BC0520300947E4D /* Sources */,
				531D97192BC0520300947E4D /* Frameworks */,
				531D971A2BC0520300947E4D /* Resources */,
			);
			buildRules = (
			);
			dependencies = (
				531D97212BC0520400947E4D /* PBXTargetDependency */,
			);
			name = SwiftUIDemoTests;
			productName = SwiftUIDemoTests;
			productReference = 531D971C2BC0520300947E4D /* SwiftUIDemoTests.xctest */;
			productType = "com.apple.product-type.bundle.unit-test";
		};
		536865362B81ACED00D181AC /* SwiftUIDemo */ = {
			isa = PBXNativeTarget;
			buildConfigurationList = 5368654A2B81ACEF00D181AC /* Build configuration list for PBXNativeTarget "SwiftUIDemo" */;
			buildPhases = (
				536865332B81ACED00D181AC /* Sources */,
				536865342B81ACED00D181AC /* Frameworks */,
				536865352B81ACED00D181AC /* Resources */,
			);
			buildRules = (
			);
			dependencies = (
			);
			name = SwiftUIDemo;
			productName = SwiftUIDemo;
			productReference = 536865372B81ACED00D181AC /* SwiftUIDemo.app */;
			productType = "com.apple.product-type.application";
		};
/* End PBXNativeTarget section */

/* Begin PBXProject section */
		5368652F2B81ACED00D181AC /* Project object */ = {
			isa = PBXProject;
			attributes = {
				BuildIndependentTargetsInParallel = 1;
				LastSwiftUpdateCheck = 1500;
				LastUpgradeCheck = 1500;
				TargetAttributes = {
					531D971B2BC0520300947E4D = {
						CreatedOnToolsVersion = 15.0.1;
						TestTargetID = 536865362B81ACED00D181AC;
					};
					536865362B81ACED00D181AC = {
						CreatedOnToolsVersion = 15.0.1;
					};
				};
			};
			buildConfigurationList = 536865322B81ACED00D181AC /* Build configuration list for PBXProject "SwiftUIDemo" */;
			compatibilityVersion = "Xcode 14.0";
			developmentRegion = en;
			hasScannedForEncodings = 0;
			knownRegions = (
				en,
				Base,
			);
			mainGroup = 5368652E2B81ACED00D181AC;
			productRefGroup = 536865382B81ACED00D181AC /* Products */;
			projectDirPath = "";
			projectRoot = "";
			targets = (
				536865362B81ACED00D181AC /* SwiftUIDemo */,
				531D971B2BC0520300947E4D /* SwiftUIDemoTests */,
			);
		};
/* End PBXProject section */

/* Begin PBXResourcesBuildPhase section */
		531D971A2BC0520300947E4D /* Resources */ = {
			isa = PBXResourcesBuildPhase;
			buildActionMask = 2147483647;
			files = (
			);
			runOnlyForDeploymentPostprocessing = 0;
		};
		536865352B81ACED00D181AC /* Resources */ = {
			isa = PBXResourcesBuildPhase;
			buildActionMask = 2147483647;
			files = (
				536865422B81ACEF00D181AC /* Preview Assets.xcassets in Resources */,
				5368653F2B81ACEF00D181AC /* Assets.xcassets in Resources */,
			);
			runOnlyForDeploymentPostprocessing = 0;
		};
/* End PBXResourcesBuildPhase section */

/* Begin PBXSourcesBuildPhase section */
		531D97182BC0520300947E4D /* Sources */ = {
			isa = PBXSourcesBuildPhase;
			buildActionMask = 2147483647;
			files = (
				531D971F2BC0520400947E4D /* SwiftUIDemoTests.swift in Sources */,
			);
			runOnlyForDeploymentPostprocessing = 0;
		};
		536865332B81ACED00D181AC /* Sources */ = {
			isa = PBXSourcesBuildPhase;
			buildActionMask = 2147483647;
			files = (
				535CF08C2B89E06400D24877 /* PreviewDevice+.swift in Sources */,
				536865472B81ACEF00D181AC /* SwiftUIDemo.xcdatamodeld in Sources */,
				5361752B2BBFBBF3009D1737 /* Array+.swift in Sources */,
				53DCB87B2BB0280600F6D34C /* SFSymbol.swift in Sources */,
				536175212BB96D59009D1737 /* UserDefaultsKey.swift in Sources */,
				536865442B81ACEF00D181AC /* Persistence.swift in Sources */,
				53DCB8722BB00D4200F6D34C /* FoodPickerScreen.swift in Sources */,
				5361751F2BB96CF6009D1737 /* Unit.swift in Sources */,
				53DCB87F2BB26B5700F6D34C /* View+.swift in Sources */,
				532D1C4F2B8E2E720012E5CA /* SuffixWrapper.swift in Sources */,
				535CF0882B89994600D24877 /* Food.swift in Sources */,
				537DFBD42BA52D2800FB3DD1 /* GeometryReaderDemo.swift in Sources */,
				537115BA2BA5B99C001851FB /* FoodForm.swift in Sources */,
				535FF2432B932F0200D7861B /* ZIndexView.swift in Sources */,
				5361751D2BB809E1009D1737 /* SettingsScreen.swift in Sources */,
				53DCB8732BB00D4200F6D34C /* FoodListScreen.swift in Sources */,
				5368653B2B81ACED00D181AC /* AppEntry.swift in Sources */,
				532D1C532B8F26AB0012E5CA /* ShapeStyleView.swift in Sources */,
				53A085FE2BB40E2D0005218E /* HomeScreen.swift in Sources */,
				53DCB8772BB0108C00F6D34C /* FoodDetailSheet.swift in Sources */,
				536175232BB96DFC009D1737 /* AppStorage+.swift in Sources */,
				532D1C512B8EF6B70012E5CA /* Extension.swift in Sources */,
				53DCB87D2BB262A600F6D34C /* Sheet.swift in Sources */,
			);
			runOnlyForDeploymentPostprocessing = 0;
		};
/* End PBXSourcesBuildPhase section */

/* Begin PBXTargetDependency section */
		531D97212BC0520400947E4D /* PBXTargetDependency */ = {
			isa = PBXTargetDependency;
			target = 536865362B81ACED00D181AC /* SwiftUIDemo */;
			targetProxy = 531D97202BC0520400947E4D /* PBXContainerItemProxy */;
		};
/* End PBXTargetDependency section */

/* Begin XCBuildConfiguration section */
		531D97222BC0520400947E4D /* Debug */ = {
			isa = XCBuildConfiguration;
			buildSettings = {
				BUNDLE_LOADER = "$(TEST_HOST)";
				CODE_SIGN_STYLE = Automatic;
				CURRENT_PROJECT_VERSION = 1;
				DEVELOPMENT_TEAM = P2N5GMFKQQ;
				GENERATE_INFOPLIST_FILE = YES;
				IPHONEOS_DEPLOYMENT_TARGET = 17.0;
				MACOSX_DEPLOYMENT_TARGET = 14.0;
				MARKETING_VERSION = 1.0;
				PRODUCT_BUNDLE_IDENTIFIER = com.piglier.SwiftUIDemoTests;
				PRODUCT_NAME = "$(TARGET_NAME)";
				SDKROOT = auto;
				SUPPORTED_PLATFORMS = "iphoneos iphonesimulator macosx";
				SWIFT_EMIT_LOC_STRINGS = NO;
				SWIFT_VERSION = 5.0;
				TARGETED_DEVICE_FAMILY = "1,2";
				TEST_HOST = "$(BUILT_PRODUCTS_DIR)/SwiftUIDemo.app/$(BUNDLE_EXECUTABLE_FOLDER_PATH)/SwiftUIDemo";
			};
			name = Debug;
		};
		531D97232BC0520400947E4D /* Release */ = {
			isa = XCBuildConfiguration;
			buildSettings = {
				BUNDLE_LOADER = "$(TEST_HOST)";
				CODE_SIGN_STYLE = Automatic;
				CURRENT_PROJECT_VERSION = 1;
				DEVELOPMENT_TEAM = P2N5GMFKQQ;
				GENERATE_INFOPLIST_FILE = YES;
				IPHONEOS_DEPLOYMENT_TARGET = 17.0;
				MACOSX_DEPLOYMENT_TARGET = 14.0;
				MARKETING_VERSION = 1.0;
				PRODUCT_BUNDLE_IDENTIFIER = com.piglier.SwiftUIDemoTests;
				PRODUCT_NAME = "$(TARGET_NAME)";
				SDKROOT = auto;
				SUPPORTED_PLATFORMS = "iphoneos iphonesimulator macosx";
				SWIFT_EMIT_LOC_STRINGS = NO;
				SWIFT_VERSION = 5.0;
				TARGETED_DEVICE_FAMILY = "1,2";
				TEST_HOST = "$(BUILT_PRODUCTS_DIR)/SwiftUIDemo.app/$(BUNDLE_EXECUTABLE_FOLDER_PATH)/SwiftUIDemo";
			};
			name = Release;
		};
		536865482B81ACEF00D181AC /* Debug */ = {
			isa = XCBuildConfiguration;
			buildSettings = {
				ALWAYS_SEARCH_USER_PATHS = NO;
				ASSETCATALOG_COMPILER_GENERATE_SWIFT_ASSET_SYMBOL_EXTENSIONS = YES;
				CLANG_ANALYZER_NONNULL = YES;
				CLANG_ANALYZER_NUMBER_OBJECT_CONVERSION = YES_AGGRESSIVE;
				CLANG_CXX_LANGUAGE_STANDARD = "gnu++20";
				CLANG_ENABLE_MODULES = YES;
				CLANG_ENABLE_OBJC_ARC = YES;
				CLANG_ENABLE_OBJC_WEAK = YES;
				CLANG_WARN_BLOCK_CAPTURE_AUTORELEASING = YES;
				CLANG_WARN_BOOL_CONVERSION = YES;
				CLANG_WARN_COMMA = YES;
				CLANG_WARN_CONSTANT_CONVERSION = YES;
				CLANG_WARN_DEPRECATED_OBJC_IMPLEMENTATIONS = YES;
				CLANG_WARN_DIRECT_OBJC_ISA_USAGE = YES_ERROR;
				CLANG_WARN_DOCUMENTATION_COMMENTS = YES;
				CLANG_WARN_EMPTY_BODY = YES;
				CLANG_WARN_ENUM_CONVERSION = YES;
				CLANG_WARN_INFINITE_RECURSION = YES;
				CLANG_WARN_INT_CONVERSION = YES;
				CLANG_WARN_NON_LITERAL_NULL_CONVERSION = YES;
				CLANG_WARN_OBJC_IMPLICIT_RETAIN_SELF = YES;
				CLANG_WARN_OBJC_LITERAL_CONVERSION = YES;
				CLANG_WARN_OBJC_ROOT_CLASS = YES_ERROR;
				CLANG_WARN_QUOTED_INCLUDE_IN_FRAMEWORK_HEADER = YES;
				CLANG_WARN_RANGE_LOOP_ANALYSIS = YES;
				CLANG_WARN_STRICT_PROTOTYPES = YES;
				CLANG_WARN_SUSPICIOUS_MOVE = YES;
				CLANG_WARN_UNGUARDED_AVAILABILITY = YES_AGGRESSIVE;
				CLANG_WARN_UNREACHABLE_CODE = YES;
				CLANG_WARN__DUPLICATE_METHOD_MATCH = YES;
				COPY_PHASE_STRIP = NO;
				DEBUG_INFORMATION_FORMAT = dwarf;
				ENABLE_STRICT_OBJC_MSGSEND = YES;
				ENABLE_TESTABILITY = YES;
				ENABLE_USER_SCRIPT_SANDBOXING = YES;
				GCC_C_LANGUAGE_STANDARD = gnu17;
				GCC_DYNAMIC_NO_PIC = NO;
				GCC_NO_COMMON_BLOCKS = YES;
				GCC_OPTIMIZATION_LEVEL = 0;
				GCC_PREPROCESSOR_DEFINITIONS = (
					"DEBUG=1",
					"$(inherited)",
				);
				GCC_WARN_64_TO_32_BIT_CONVERSION = YES;
				GCC_WARN_ABOUT_RETURN_TYPE = YES_ERROR;
				GCC_WARN_UNDECLARED_SELECTOR = YES;
				GCC_WARN_UNINITIALIZED_AUTOS = YES_AGGRESSIVE;
				GCC_WARN_UNUSED_FUNCTION = YES;
				GCC_WARN_UNUSED_VARIABLE = YES;
				IPHONEOS_DEPLOYMENT_TARGET = 17.0;
				LOCALIZATION_PREFERS_STRING_CATALOGS = YES;
				MTL_ENABLE_DEBUG_INFO = INCLUDE_SOURCE;
				MTL_FAST_MATH = YES;
				ONLY_ACTIVE_ARCH = YES;
				SDKROOT = iphoneos;
				SWIFT_ACTIVE_COMPILATION_CONDITIONS = "DEBUG $(inherited)";
				SWIFT_OPTIMIZATION_LEVEL = "-Onone";
			};
			name = Debug;
		};
		536865492B81ACEF00D181AC /* Release */ = {
			isa = XCBuildConfiguration;
			buildSettings = {
				ALWAYS_SEARCH_USER_PATHS = NO;
				ASSETCATALOG_COMPILER_GENERATE_SWIFT_ASSET_SYMBOL_EXTENSIONS = YES;
				CLANG_ANALYZER_NONNULL = YES;
				CLANG_ANALYZER_NUMBER_OBJECT_CONVERSION = YES_AGGRESSIVE;
				CLANG_CXX_LANGUAGE_STANDARD = "gnu++20";
				CLANG_ENABLE_MODULES = YES;
				CLANG_ENABLE_OBJC_ARC = YES;
				CLANG_ENABLE_OBJC_WEAK = YES;
				CLANG_WARN_BLOCK_CAPTURE_AUTORELEASING = YES;
				CLANG_WARN_BOOL_CONVERSION = YES;
				CLANG_WARN_COMMA = YES;
				CLANG_WARN_CONSTANT_CONVERSION = YES;
				CLANG_WARN_DEPRECATED_OBJC_IMPLEMENTATIONS = YES;
				CLANG_WARN_DIRECT_OBJC_ISA_USAGE = YES_ERROR;
				CLANG_WARN_DOCUMENTATION_COMMENTS = YES;
				CLANG_WARN_EMPTY_BODY = YES;
				CLANG_WARN_ENUM_CONVERSION = YES;
				CLANG_WARN_INFINITE_RECURSION = YES;
				CLANG_WARN_INT_CONVERSION = YES;
				CLANG_WARN_NON_LITERAL_NULL_CONVERSION = YES;
				CLANG_WARN_OBJC_IMPLICIT_RETAIN_SELF = YES;
				CLANG_WARN_OBJC_LITERAL_CONVERSION = YES;
				CLANG_WARN_OBJC_ROOT_CLASS = YES_ERROR;
				CLANG_WARN_QUOTED_INCLUDE_IN_FRAMEWORK_HEADER = YES;
				CLANG_WARN_RANGE_LOOP_ANALYSIS = YES;
				CLANG_WARN_STRICT_PROTOTYPES = YES;
				CLANG_WARN_SUSPICIOUS_MOVE = YES;
				CLANG_WARN_UNGUARDED_AVAILABILITY = YES_AGGRESSIVE;
				CLANG_WARN_UNREACHABLE_CODE = YES;
				CLANG_WARN__DUPLICATE_METHOD_MATCH = YES;
				COPY_PHASE_STRIP = NO;
				DEBUG_INFORMATION_FORMAT = "dwarf-with-dsym";
				ENABLE_NS_ASSERTIONS = NO;
				ENABLE_STRICT_OBJC_MSGSEND = YES;
				ENABLE_USER_SCRIPT_SANDBOXING = YES;
				GCC_C_LANGUAGE_STANDARD = gnu17;
				GCC_NO_COMMON_BLOCKS = YES;
				GCC_WARN_64_TO_32_BIT_CONVERSION = YES;
				GCC_WARN_ABOUT_RETURN_TYPE = YES_ERROR;
				GCC_WARN_UNDECLARED_SELECTOR = YES;
				GCC_WARN_UNINITIALIZED_AUTOS = YES_AGGRESSIVE;
				GCC_WARN_UNUSED_FUNCTION = YES;
				GCC_WARN_UNUSED_VARIABLE = YES;
				IPHONEOS_DEPLOYMENT_TARGET = 17.0;
				LOCALIZATION_PREFERS_STRING_CATALOGS = YES;
				MTL_ENABLE_DEBUG_INFO = NO;
				MTL_FAST_MATH = YES;
				SDKROOT = iphoneos;
				SWIFT_COMPILATION_MODE = wholemodule;
				VALIDATE_PRODUCT = YES;
			};
			name = Release;
		};
		5368654B2B81ACEF00D181AC /* Debug */ = {
			isa = XCBuildConfiguration;
			buildSettings = {
				ASSETCATALOG_COMPILER_APPICON_NAME = AppIcon;
				ASSETCATALOG_COMPILER_GLOBAL_ACCENT_COLOR_NAME = AccentColor;
				CODE_SIGN_STYLE = Automatic;
				CURRENT_PROJECT_VERSION = 1;
				DEVELOPMENT_ASSET_PATHS = "\"SwiftUIDemo/Preview Content\"";
				DEVELOPMENT_TEAM = P2N5GMFKQQ;
				ENABLE_PREVIEWS = YES;
				GENERATE_INFOPLIST_FILE = YES;
				INFOPLIST_KEY_UIApplicationSceneManifest_Generation = YES;
				INFOPLIST_KEY_UIApplicationSupportsIndirectInputEvents = YES;
				INFOPLIST_KEY_UILaunchScreen_Generation = YES;
				INFOPLIST_KEY_UISupportedInterfaceOrientations_iPad = "UIInterfaceOrientationPortrait UIInterfaceOrientationPortraitUpsideDown UIInterfaceOrientationLandscapeLeft UIInterfaceOrientationLandscapeRight";
				INFOPLIST_KEY_UISupportedInterfaceOrientations_iPhone = "UIInterfaceOrientationPortrait UIInterfaceOrientationLandscapeLeft UIInterfaceOrientationLandscapeRight";
				IPHONEOS_DEPLOYMENT_TARGET = 16.0;
				LD_RUNPATH_SEARCH_PATHS = (
					"$(inherited)",
					"@executable_path/Frameworks",
				);
				MARKETING_VERSION = 1.0;
				PRODUCT_BUNDLE_IDENTIFIER = com.piglier.SwiftUIDemo;
				PRODUCT_NAME = "$(TARGET_NAME)";
				SWIFT_EMIT_LOC_STRINGS = YES;
				SWIFT_VERSION = 5.0;
				TARGETED_DEVICE_FAMILY = "1,2";
			};
			name = Debug;
		};
		5368654C2B81ACEF00D181AC /* Release */ = {
			isa = XCBuildConfiguration;
			buildSettings = {
				ASSETCATALOG_COMPILER_APPICON_NAME = AppIcon;
				ASSETCATALOG_COMPILER_GLOBAL_ACCENT_COLOR_NAME = AccentColor;
				CODE_SIGN_STYLE = Automatic;
				CURRENT_PROJECT_VERSION = 1;
				DEVELOPMENT_ASSET_PATHS = "\"SwiftUIDemo/Preview Content\"";
				DEVELOPMENT_TEAM = P2N5GMFKQQ;
				ENABLE_PREVIEWS = YES;
				GENERATE_INFOPLIST_FILE = YES;
				INFOPLIST_KEY_UIApplicationSceneManifest_Generation = YES;
				INFOPLIST_KEY_UIApplicationSupportsIndirectInputEvents = YES;
				INFOPLIST_KEY_UILaunchScreen_Generation = YES;
				INFOPLIST_KEY_UISupportedInterfaceOrientations_iPad = "UIInterfaceOrientationPortrait UIInterfaceOrientationPortraitUpsideDown UIInterfaceOrientationLandscapeLeft UIInterfaceOrientationLandscapeRight";
				INFOPLIST_KEY_UISupportedInterfaceOrientations_iPhone = "UIInterfaceOrientationPortrait UIInterfaceOrientationLandscapeLeft UIInterfaceOrientationLandscapeRight";
				IPHONEOS_DEPLOYMENT_TARGET = 16.0;
				LD_RUNPATH_SEARCH_PATHS = (
					"$(inherited)",
					"@executable_path/Frameworks",
				);
				MARKETING_VERSION = 1.0;
				PRODUCT_BUNDLE_IDENTIFIER = com.piglier.SwiftUIDemo;
				PRODUCT_NAME = "$(TARGET_NAME)";
				SWIFT_EMIT_LOC_STRINGS = YES;
				SWIFT_VERSION = 5.0;
				TARGETED_DEVICE_FAMILY = "1,2";
			};
			name = Release;
		};
/* End XCBuildConfiguration section */

/* Begin XCConfigurationList section */
		531D97242BC0520400947E4D /* Build configuration list for PBXNativeTarget "SwiftUIDemoTests" */ = {
			isa = XCConfigurationList;
			buildConfigurations = (
				531D97222BC0520400947E4D /* Debug */,
				531D97232BC0520400947E4D /* Release */,
			);
			defaultConfigurationIsVisible = 0;
			defaultConfigurationName = Release;
		};
		536865322B81ACED00D181AC /* Build configuration list for PBXProject "SwiftUIDemo" */ = {
			isa = XCConfigurationList;
			buildConfigurations = (
				536865482B81ACEF00D181AC /* Debug */,
				536865492B81ACEF00D181AC /* Release */,
			);
			defaultConfigurationIsVisible = 0;
			defaultConfigurationName = Release;
		};
		5368654A2B81ACEF00D181AC /* Build configuration list for PBXNativeTarget "SwiftUIDemo" */ = {
			isa = XCConfigurationList;
			buildConfigurations = (
				5368654B2B81ACEF00D181AC /* Debug */,
				5368654C2B81ACEF00D181AC /* Release */,
			);
			defaultConfigurationIsVisible = 0;
			defaultConfigurationName = Release;
		};
/* End XCConfigurationList section */

/* Begin XCVersionGroup section */
		536865452B81ACEF00D181AC /* SwiftUIDemo.xcdatamodeld */ = {
			isa = XCVersionGroup;
			children = (
				536865462B81ACEF00D181AC /* SwiftUIDemo.xcdatamodel */,
			);
			currentVersion = 536865462B81ACEF00D181AC /* SwiftUIDemo.xcdatamodel */;
			path = SwiftUIDemo.xcdatamodeld;
			sourceTree = "<group>";
			versionGroupType = wrapper.xcdatamodel;
		};
/* End XCVersionGroup section */
	};
	rootObject = 5368652F2B81ACED00D181AC /* Project object */;
}
