// !$*UTF8*$!
{
	archiveVersion = 1;
	classes = {
	};
	objectVersion = 56;
	objects = {

/* Begin PBXBuildFile section */
		532D1C4F2B8E2E720012E5CA /* SuffixWrapper.swift in Sources */ = {isa = PBXBuildFile; fileRef = 532D1C4E2B8E2E720012E5CA /* SuffixWrapper.swift */; };
		532D1C512B8EF6B70012E5CA /* Extension.swift in Sources */ = {isa = PBXBuildFile; fileRef = 532D1C502B8EF6B70012E5CA /* Extension.swift */; };
		532D1C532B8F26AB0012E5CA /* ShapeStyleView.swift in Sources */ = {isa = PBXBuildFile; fileRef = 532D1C522B8F26AB0012E5CA /* ShapeStyleView.swift */; };
		535CF0882B89994600D24877 /* Food.swift in Sources */ = {isa = PBXBuildFile; fileRef = 535CF0872B89994600D24877 /* Food.swift */; };
		535CF08C2B89E06400D24877 /* PreviewDevice.swift in Sources */ = {isa = PBXBuildFile; fileRef = 535CF08B2B89E06400D24877 /* PreviewDevice.swift */; };
		535FF2432B932F0200D7861B /* ZIndexView.swift in Sources */ = {isa = PBXBuildFile; fileRef = 535FF2422B932F0200D7861B /* ZIndexView.swift */; };
		5368653B2B81ACED00D181AC /* SwiftUIDemoApp.swift in Sources */ = {isa = PBXBuildFile; fileRef = 5368653A2B81ACED00D181AC /* SwiftUIDemoApp.swift */; };
		5368653D2B81ACED00D181AC /* ContentView.swift in Sources */ = {isa = PBXBuildFile; fileRef = 5368653C2B81ACED00D181AC /* ContentView.swift */; };
		5368653F2B81ACEF00D181AC /* Assets.xcassets in Resources */ = {isa = PBXBuildFile; fileRef = 5368653E2B81ACEF00D181AC /* Assets.xcassets */; };
		536865422B81ACEF00D181AC /* Preview Assets.xcassets in Resources */ = {isa = PBXBuildFile; fileRef = 536865412B81ACEF00D181AC /* Preview Assets.xcassets */; };
		536865442B81ACEF00D181AC /* Persistence.swift in Sources */ = {isa = PBXBuildFile; fileRef = 536865432B81ACEF00D181AC /* Persistence.swift */; };
		536865472B81ACEF00D181AC /* SwiftUIDemo.xcdatamodeld in Sources */ = {isa = PBXBuildFile; fileRef = 536865452B81ACEF00D181AC /* SwiftUIDemo.xcdatamodeld */; };
/* End PBXBuildFile section */

/* Begin PBXFileReference section */
		532D1C4E2B8E2E720012E5CA /* SuffixWrapper.swift */ = {isa = PBXFileReference; lastKnownFileType = sourcecode.swift; path = SuffixWrapper.swift; sourceTree = "<group>"; };
		532D1C502B8EF6B70012E5CA /* Extension.swift */ = {isa = PBXFileReference; lastKnownFileType = sourcecode.swift; path = Extension.swift; sourceTree = "<group>"; };
		532D1C522B8F26AB0012E5CA /* ShapeStyleView.swift */ = {isa = PBXFileReference; lastKnownFileType = sourcecode.swift; path = ShapeStyleView.swift; sourceTree = "<group>"; };
		535CF0872B89994600D24877 /* Food.swift */ = {isa = PBXFileReference; lastKnownFileType = sourcecode.swift; path = Food.swift; sourceTree = "<group>"; };
		535CF08B2B89E06400D24877 /* PreviewDevice.swift */ = {isa = PBXFileReference; lastKnownFileType = sourcecode.swift; path = PreviewDevice.swift; sourceTree = "<group>"; };
		535FF2422B932F0200D7861B /* ZIndexView.swift */ = {isa = PBXFileReference; lastKnownFileType = sourcecode.swift; path = ZIndexView.swift; sourceTree = "<group>"; };
		536865372B81ACED00D181AC /* SwiftUIDemo.app */ = {isa = PBXFileReference; explicitFileType = wrapper.application; includeInIndex = 0; path = SwiftUIDemo.app; sourceTree = BUILT_PRODUCTS_DIR; };
		5368653A2B81ACED00D181AC /* SwiftUIDemoApp.swift */ = {isa = PBXFileReference; lastKnownFileType = sourcecode.swift; path = SwiftUIDemoApp.swift; sourceTree = "<group>"; };
		5368653C2B81ACED00D181AC /* ContentView.swift */ = {isa = PBXFileReference; lastKnownFileType = sourcecode.swift; path = ContentView.swift; sourceTree = "<group>"; };
		5368653E2B81ACEF00D181AC /* Assets.xcassets */ = {isa = PBXFileReference; lastKnownFileType = folder.assetcatalog; path = Assets.xcassets; sourceTree = "<group>"; };
		536865412B81ACEF00D181AC /* Preview Assets.xcassets */ = {isa = PBXFileReference; lastKnownFileType = folder.assetcatalog; path = "Preview Assets.xcassets"; sourceTree = "<group>"; };
		536865432B81ACEF00D181AC /* Persistence.swift */ = {isa = PBXFileReference; lastKnownFileType = sourcecode.swift; path = Persistence.swift; sourceTree = "<group>"; };
		536865462B81ACEF00D181AC /* SwiftUIDemo.xcdatamodel */ = {isa = PBXFileReference; lastKnownFileType = wrapper.xcdatamodel; path = SwiftUIDemo.xcdatamodel; sourceTree = "<group>"; };
/* End PBXFileReference section */

/* Begin PBXFrameworksBuildPhase section */
		536865342B81ACED00D181AC /* Frameworks */ = {
			isa = PBXFrameworksBuildPhase;
			buildActionMask = 2147483647;
			files = (
			);
			runOnlyForDeploymentPostprocessing = 0;
		};
/* End PBXFrameworksBuildPhase section */

/* Begin PBXGroup section */
		5368652E2B81ACED00D181AC = {
			isa = PBXGroup;
			children = (
				532D1C522B8F26AB0012E5CA /* ShapeStyleView.swift */,
				535FF2422B932F0200D7861B /* ZIndexView.swift */,
				536865392B81ACED00D181AC /* SwiftUIDemo */,
				536865382B81ACED00D181AC /* Products */,
			);
			sourceTree = "<group>";
		};
		536865382B81ACED00D181AC /* Products */ = {
			isa = PBXGroup;
			children = (
				536865372B81ACED00D181AC /* SwiftUIDemo.app */,
			);
			name = Products;
			sourceTree = "<group>";
		};
		536865392B81ACED00D181AC /* SwiftUIDemo */ = {
			isa = PBXGroup;
			children = (
				5368653A2B81ACED00D181AC /* SwiftUIDemoApp.swift */,
				5368653C2B81ACED00D181AC /* ContentView.swift */,
				535CF0872B89994600D24877 /* Food.swift */,
				535CF08B2B89E06400D24877 /* PreviewDevice.swift */,
				532D1C4E2B8E2E720012E5CA /* SuffixWrapper.swift */,
				532D1C502B8EF6B70012E5CA /* Extension.swift */,
				5368653E2B81ACEF00D181AC /* Assets.xcassets */,
				536865432B81ACEF00D181AC /* Persistence.swift */,
				536865452B81ACEF00D181AC /* SwiftUIDemo.xcdatamodeld */,
				536865402B81ACEF00D181AC /* Preview Content */,
			);
			path = SwiftUIDemo;
			sourceTree = "<group>";
		};
		536865402B81ACEF00D181AC /* Preview Content */ = {
			isa = PBXGroup;
			children = (
				536865412B81ACEF00D181AC /* Preview Assets.xcassets */,
			);
			path = "Preview Content";
			sourceTree = "<group>";
		};
/* End PBXGroup section */

/* Begin PBXNativeTarget section */
		536865362B81ACED00D181AC /* SwiftUIDemo */ = {
			isa = PBXNativeTarget;
			buildConfigurationList = 5368654A2B81ACEF00D181AC /* Build configuration list for PBXNativeTarget "SwiftUIDemo" */;
			buildPhases = (
				536865332B81ACED00D181AC /* Sources */,
				536865342B81ACED00D181AC /* Frameworks */,
				536865352B81ACED00D181AC /* Resources */,
			);
			buildRules = (
			);
			dependencies = (
			);
			name = SwiftUIDemo;
			productName = SwiftUIDemo;
			productReference = 536865372B81ACED00D181AC /* SwiftUIDemo.app */;
			productType = "com.apple.product-type.application";
		};
/* End PBXNativeTarget section */

/* Begin PBXProject section */
		5368652F2B81ACED00D181AC /* Project object */ = {
			isa = PBXProject;
			attributes = {
				BuildIndependentTargetsInParallel = 1;
				LastSwiftUpdateCheck = 1500;
				LastUpgradeCheck = 1500;
				TargetAttributes = {
					536865362B81ACED00D181AC = {
						CreatedOnToolsVersion = 15.0.1;
					};
				};
			};
			buildConfigurationList = 536865322B81ACED00D181AC /* Build configuration list for PBXProject "SwiftUIDemo" */;
			compatibilityVersion = "Xcode 14.0";
			developmentRegion = en;
			hasScannedForEncodings = 0;
			knownRegions = (
				en,
				Base,
			);
			mainGroup = 5368652E2B81ACED00D181AC;
			productRefGroup = 536865382B81ACED00D181AC /* Products */;
			projectDirPath = "";
			projectRoot = "";
			targets = (
				536865362B81ACED00D181AC /* SwiftUIDemo */,
			);
		};
/* End PBXProject section */

/* Begin PBXResourcesBuildPhase section */
		536865352B81ACED00D181AC /* Resources */ = {
			isa = PBXResourcesBuildPhase;
			buildActionMask = 2147483647;
			files = (
				536865422B81ACEF00D181AC /* Preview Assets.xcassets in Resources */,
				5368653F2B81ACEF00D181AC /* Assets.xcassets in Resources */,
			);
			runOnlyForDeploymentPostprocessing = 0;
		};
/* End PBXResourcesBuildPhase section */

/* Begin PBXSourcesBuildPhase section */
		536865332B81ACED00D181AC /* Sources */ = {
			isa = PBXSourcesBuildPhase;
			buildActionMask = 2147483647;
			files = (
				535CF08C2B89E06400D24877 /* PreviewDevice.swift in Sources */,
				536865472B81ACEF00D181AC /* SwiftUIDemo.xcdatamodeld in Sources */,
				536865442B81ACEF00D181AC /* Persistence.swift in Sources */,
				532D1C4F2B8E2E720012E5CA /* SuffixWrapper.swift in Sources */,
				535CF0882B89994600D24877 /* Food.swift in Sources */,
				5368653D2B81ACED00D181AC /* ContentView.swift in Sources */,
				535FF2432B932F0200D7861B /* ZIndexView.swift in Sources */,
				5368653B2B81ACED00D181AC /* SwiftUIDemoApp.swift in Sources */,
				532D1C532B8F26AB0012E5CA /* ShapeStyleView.swift in Sources */,
				532D1C512B8EF6B70012E5CA /* Extension.swift in Sources */,
			);
			runOnlyForDeploymentPostprocessing = 0;
		};
/* End PBXSourcesBuildPhase section */

/* Begin XCBuildConfiguration section */
		536865482B81ACEF00D181AC /* Debug */ = {
			isa = XCBuildConfiguration;
			buildSettings = {
				ALWAYS_SEARCH_USER_PATHS = NO;
				ASSETCATALOG_COMPILER_GENERATE_SWIFT_ASSET_SYMBOL_EXTENSIONS = YES;
				CLANG_ANALYZER_NONNULL = YES;
				CLANG_ANALYZER_NUMBER_OBJECT_CONVERSION = YES_AGGRESSIVE;
				CLANG_CXX_LANGUAGE_STANDARD = "gnu++20";
				CLANG_ENABLE_MODULES = YES;
				CLANG_ENABLE_OBJC_ARC = YES;
				CLANG_ENABLE_OBJC_WEAK = YES;
				CLANG_WARN_BLOCK_CAPTURE_AUTORELEASING = YES;
				CLANG_WARN_BOOL_CONVERSION = YES;
				CLANG_WARN_COMMA = YES;
				CLANG_WARN_CONSTANT_CONVERSION = YES;
				CLANG_WARN_DEPRECATED_OBJC_IMPLEMENTATIONS = YES;
				CLANG_WARN_DIRECT_OBJC_ISA_USAGE = YES_ERROR;
				CLANG_WARN_DOCUMENTATION_COMMENTS = YES;
				CLANG_WARN_EMPTY_BODY = YES;
				CLANG_WARN_ENUM_CONVERSION = YES;
				CLANG_WARN_INFINITE_RECURSION = YES;
				CLANG_WARN_INT_CONVERSION = YES;
				CLANG_WARN_NON_LITERAL_NULL_CONVERSION = YES;
				CLANG_WARN_OBJC_IMPLICIT_RETAIN_SELF = YES;
				CLANG_WARN_OBJC_LITERAL_CONVERSION = YES;
				CLANG_WARN_OBJC_ROOT_CLASS = YES_ERROR;
				CLANG_WARN_QUOTED_INCLUDE_IN_FRAMEWORK_HEADER = YES;
				CLANG_WARN_RANGE_LOOP_ANALYSIS = YES;
				CLANG_WARN_STRICT_PROTOTYPES = YES;
				CLANG_WARN_SUSPICIOUS_MOVE = YES;
				CLANG_WARN_UNGUARDED_AVAILABILITY = YES_AGGRESSIVE;
				CLANG_WARN_UNREACHABLE_CODE = YES;
				CLANG_WARN__DUPLICATE_METHOD_MATCH = YES;
				COPY_PHASE_STRIP = NO;
				DEBUG_INFORMATION_FORMAT = dwarf;
				ENABLE_STRICT_OBJC_MSGSEND = YES;
				ENABLE_TESTABILITY = YES;
				ENABLE_USER_SCRIPT_SANDBOXING = YES;
				GCC_C_LANGUAGE_STANDARD = gnu17;
				GCC_DYNAMIC_NO_PIC = NO;
				GCC_NO_COMMON_BLOCKS = YES;
				GCC_OPTIMIZATION_LEVEL = 0;
				GCC_PREPROCESSOR_DEFINITIONS = (
					"DEBUG=1",
					"$(inherited)",
				);
				GCC_WARN_64_TO_32_BIT_CONVERSION = YES;
				GCC_WARN_ABOUT_RETURN_TYPE = YES_ERROR;
				GCC_WARN_UNDECLARED_SELECTOR = YES;
				GCC_WARN_UNINITIALIZED_AUTOS = YES_AGGRESSIVE;
				GCC_WARN_UNUSED_FUNCTION = YES;
				GCC_WARN_UNUSED_VARIABLE = YES;
				IPHONEOS_DEPLOYMENT_TARGET = 17.0;
				LOCALIZATION_PREFERS_STRING_CATALOGS = YES;
				MTL_ENABLE_DEBUG_INFO = INCLUDE_SOURCE;
				MTL_FAST_MATH = YES;
				ONLY_ACTIVE_ARCH = YES;
				SDKROOT = iphoneos;
				SWIFT_ACTIVE_COMPILATION_CONDITIONS = "DEBUG $(inherited)";
				SWIFT_OPTIMIZATION_LEVEL = "-Onone";
			};
			name = Debug;
		};
		536865492B81ACEF00D181AC /* Release */ = {
			isa = XCBuildConfiguration;
			buildSettings = {
				ALWAYS_SEARCH_USER_PATHS = NO;
				ASSETCATALOG_COMPILER_GENERATE_SWIFT_ASSET_SYMBOL_EXTENSIONS = YES;
				CLANG_ANALYZER_NONNULL = YES;
				CLANG_ANALYZER_NUMBER_OBJECT_CONVERSION = YES_AGGRESSIVE;
				CLANG_CXX_LANGUAGE_STANDARD = "gnu++20";
				CLANG_ENABLE_MODULES = YES;
				CLANG_ENABLE_OBJC_ARC = YES;
				CLANG_ENABLE_OBJC_WEAK = YES;
				CLANG_WARN_BLOCK_CAPTURE_AUTORELEASING = YES;
				CLANG_WARN_BOOL_CONVERSION = YES;
				CLANG_WARN_COMMA = YES;
				CLANG_WARN_CONSTANT_CONVERSION = YES;
				CLANG_WARN_DEPRECATED_OBJC_IMPLEMENTATIONS = YES;
				CLANG_WARN_DIRECT_OBJC_ISA_USAGE = YES_ERROR;
				CLANG_WARN_DOCUMENTATION_COMMENTS = YES;
				CLANG_WARN_EMPTY_BODY = YES;
				CLANG_WARN_ENUM_CONVERSION = YES;
				CLANG_WARN_INFINITE_RECURSION = YES;
				CLANG_WARN_INT_CONVERSION = YES;
				CLANG_WARN_NON_LITERAL_NULL_CONVERSION = YES;
				CLANG_WARN_OBJC_IMPLICIT_RETAIN_SELF = YES;
				CLANG_WARN_OBJC_LITERAL_CONVERSION = YES;
				CLANG_WARN_OBJC_ROOT_CLASS = YES_ERROR;
				CLANG_WARN_QUOTED_INCLUDE_IN_FRAMEWORK_HEADER = YES;
				CLANG_WARN_RANGE_LOOP_ANALYSIS = YES;
				CLANG_WARN_STRICT_PROTOTYPES = YES;
				CLANG_WARN_SUSPICIOUS_MOVE = YES;
				CLANG_WARN_UNGUARDED_AVAILABILITY = YES_AGGRESSIVE;
				CLANG_WARN_UNREACHABLE_CODE = YES;
				CLANG_WARN__DUPLICATE_METHOD_MATCH = YES;
				COPY_PHASE_STRIP = NO;
				DEBUG_INFORMATION_FORMAT = "dwarf-with-dsym";
				ENABLE_NS_ASSERTIONS = NO;
				ENABLE_STRICT_OBJC_MSGSEND = YES;
				ENABLE_USER_SCRIPT_SANDBOXING = YES;
				GCC_C_LANGUAGE_STANDARD = gnu17;
				GCC_NO_COMMON_BLOCKS = YES;
				GCC_WARN_64_TO_32_BIT_CONVERSION = YES;
				GCC_WARN_ABOUT_RETURN_TYPE = YES_ERROR;
				GCC_WARN_UNDECLARED_SELECTOR = YES;
				GCC_WARN_UNINITIALIZED_AUTOS = YES_AGGRESSIVE;
				GCC_WARN_UNUSED_FUNCTION = YES;
				GCC_WARN_UNUSED_VARIABLE = YES;
				IPHONEOS_DEPLOYMENT_TARGET = 17.0;
				LOCALIZATION_PREFERS_STRING_CATALOGS = YES;
				MTL_ENABLE_DEBUG_INFO = NO;
				MTL_FAST_MATH = YES;
				SDKROOT = iphoneos;
				SWIFT_COMPILATION_MODE = wholemodule;
				VALIDATE_PRODUCT = YES;
			};
			name = Release;
		};
		5368654B2B81ACEF00D181AC /* Debug */ = {
			isa = XCBuildConfiguration;
			buildSettings = {
				ASSETCATALOG_COMPILER_APPICON_NAME = AppIcon;
				ASSETCATALOG_COMPILER_GLOBAL_ACCENT_COLOR_NAME = AccentColor;
				CODE_SIGN_STYLE = Automatic;
				CURRENT_PROJECT_VERSION = 1;
				DEVELOPMENT_ASSET_PATHS = "\"SwiftUIDemo/Preview Content\"";
				DEVELOPMENT_TEAM = P2N5GMFKQQ;
				ENABLE_PREVIEWS = YES;
				GENERATE_INFOPLIST_FILE = YES;
				INFOPLIST_KEY_UIApplicationSceneManifest_Generation = YES;
				INFOPLIST_KEY_UIApplicationSupportsIndirectInputEvents = YES;
				INFOPLIST_KEY_UILaunchScreen_Generation = YES;
				INFOPLIST_KEY_UISupportedInterfaceOrientations_iPad = "UIInterfaceOrientationPortrait UIInterfaceOrientationPortraitUpsideDown UIInterfaceOrientationLandscapeLeft UIInterfaceOrientationLandscapeRight";
				INFOPLIST_KEY_UISupportedInterfaceOrientations_iPhone = "UIInterfaceOrientationPortrait UIInterfaceOrientationLandscapeLeft UIInterfaceOrientationLandscapeRight";
				LD_RUNPATH_SEARCH_PATHS = (
					"$(inherited)",
					"@executable_path/Frameworks",
				);
				MARKETING_VERSION = 1.0;
				PRODUCT_BUNDLE_IDENTIFIER = com.piglier.SwiftUIDemo;
				PRODUCT_NAME = "$(TARGET_NAME)";
				SWIFT_EMIT_LOC_STRINGS = YES;
				SWIFT_VERSION = 5.0;
				TARGETED_DEVICE_FAMILY = "1,2";
			};
			name = Debug;
		};
		5368654C2B81ACEF00D181AC /* Release */ = {
			isa = XCBuildConfiguration;
			buildSettings = {
				ASSETCATALOG_COMPILER_APPICON_NAME = AppIcon;
				ASSETCATALOG_COMPILER_GLOBAL_ACCENT_COLOR_NAME = AccentColor;
				CODE_SIGN_STYLE = Automatic;
				CURRENT_PROJECT_VERSION = 1;
				DEVELOPMENT_ASSET_PATHS = "\"SwiftUIDemo/Preview Content\"";
				DEVELOPMENT_TEAM = P2N5GMFKQQ;
				ENABLE_PREVIEWS = YES;
				GENERATE_INFOPLIST_FILE = YES;
				INFOPLIST_KEY_UIApplicationSceneManifest_Generation = YES;
				INFOPLIST_KEY_UIApplicationSupportsIndirectInputEvents = YES;
				INFOPLIST_KEY_UILaunchScreen_Generation = YES;
				INFOPLIST_KEY_UISupportedInterfaceOrientations_iPad = "UIInterfaceOrientationPortrait UIInterfaceOrientationPortraitUpsideDown UIInterfaceOrientationLandscapeLeft UIInterfaceOrientationLandscapeRight";
				INFOPLIST_KEY_UISupportedInterfaceOrientations_iPhone = "UIInterfaceOrientationPortrait UIInterfaceOrientationLandscapeLeft UIInterfaceOrientationLandscapeRight";
				LD_RUNPATH_SEARCH_PATHS = (
					"$(inherited)",
					"@executable_path/Frameworks",
				);
				MARKETING_VERSION = 1.0;
				PRODUCT_BUNDLE_IDENTIFIER = com.piglier.SwiftUIDemo;
				PRODUCT_NAME = "$(TARGET_NAME)";
				SWIFT_EMIT_LOC_STRINGS = YES;
				SWIFT_VERSION = 5.0;
				TARGETED_DEVICE_FAMILY = "1,2";
			};
			name = Release;
		};
/* End XCBuildConfiguration section */

/* Begin XCConfigurationList section */
		536865322B81ACED00D181AC /* Build configuration list for PBXProject "SwiftUIDemo" */ = {
			isa = XCConfigurationList;
			buildConfigurations = (
				536865482B81ACEF00D181AC /* Debug */,
				536865492B81ACEF00D181AC /* Release */,
			);
			defaultConfigurationIsVisible = 0;
			defaultConfigurationName = Release;
		};
		5368654A2B81ACEF00D181AC /* Build configuration list for PBXNativeTarget "SwiftUIDemo" */ = {
			isa = XCConfigurationList;
			buildConfigurations = (
				5368654B2B81ACEF00D181AC /* Debug */,
				5368654C2B81ACEF00D181AC /* Release */,
			);
			defaultConfigurationIsVisible = 0;
			defaultConfigurationName = Release;
		};
/* End XCConfigurationList section */

/* Begin XCVersionGroup section */
		536865452B81ACEF00D181AC /* SwiftUIDemo.xcdatamodeld */ = {
			isa = XCVersionGroup;
			children = (
				536865462B81ACEF00D181AC /* SwiftUIDemo.xcdatamodel */,
			);
			currentVersion = 536865462B81ACEF00D181AC /* SwiftUIDemo.xcdatamodel */;
			path = SwiftUIDemo.xcdatamodeld;
			sourceTree = "<group>";
			versionGroupType = wrapper.xcdatamodel;
		};
/* End XCVersionGroup section */
	};
	rootObject = 5368652F2B81ACED00D181AC /* Project object */;
}
